
Microsoft Visual Studio Solution File, Format Version 12.00
Project("{FAE04EC0-301F-11D3-BF4B-00C04F79EFBC}") = "ArchiveCracker", "ArchiveCracker\ArchiveCracker.csproj", "{07E6D489-3A17-4CAD-9773-B0B0F80FC6C6}"
EndProject
Project("{FAE04EC0-301F-11D3-BF4B-00C04F79EFBC}") = "VariationsGenerator", "VariationsGenerator\VariationsGenerator.csproj", "{63DB524C-E34C-4198-AC32-90EFE47C25F4}"
EndProject
Project("{FAE04EC0-301F-11D3-BF4B-00C04F79EFBC}") = "PasswordCollector", "PasswordCollector\PasswordCollector.csproj", "{8DDF5403-AE8B-4CFD-900B-98B4E61DDA45}"
EndProject
Project("{FAE04EC0-301F-11D3-BF4B-00C04F79EFBC}") = "EncryptedArchivePasswordRecovery", "EncryptedArchivePasswordRecovery\EncryptedArchivePasswordRecovery.csproj", "{2AC91BE8-9F81-4DAF-BD22-8A915815610E}"
EndProject
Global
	GlobalSection(SolutionConfigurationPlatforms) = preSolution
		Debug|Any CPU = Debug|Any CPU
		Release|Any CPU = Release|Any CPU
	EndGlobalSection
	GlobalSection(ProjectConfigurationPlatforms) = postSolution
		{07E6D489-3A17-4CAD-9773-B0B0F80FC6C6}.Debug|Any CPU.ActiveCfg = Debug|Any CPU
		{07E6D489-3A17-4CAD-9773-B0B0F80FC6C6}.Debug|Any CPU.Build.0 = Debug|Any CPU
		{07E6D489-3A17-4CAD-9773-B0B0F80FC6C6}.Release|Any CPU.ActiveCfg = Release|Any CPU
		{07E6D489-3A17-4CAD-9773-B0B0F80FC6C6}.Release|Any CPU.Build.0 = Release|Any CPU
		{63DB524C-E34C-4198-AC32-90EFE47C25F4}.Debug|Any CPU.ActiveCfg = Debug|Any CPU
		{63DB524C-E34C-4198-AC32-90EFE47C25F4}.Debug|Any CPU.Build.0 = Debug|Any CPU
		{63DB524C-E34C-4198-AC32-90EFE47C25F4}.Release|Any CPU.ActiveCfg = Release|Any CPU
		{63DB524C-E34C-4198-AC32-90EFE47C25F4}.Release|Any CPU.Build.0 = Release|Any CPU
		{8DDF5403-AE8B-4CFD-900B-98B4E61DDA45}.Debug|Any CPU.ActiveCfg = Debug|Any CPU
		{8DDF5403-AE8B-4CFD-900B-98B4E61DDA45}.Debug|Any CPU.Build.0 = Debug|Any CPU
		{8DDF5403-AE8B-4CFD-900B-98B4E61DDA45}.Release|Any CPU.ActiveCfg = Release|Any CPU
		{8DDF5403-AE8B-4CFD-900B-98B4E61DDA45}.Release|Any CPU.Build.0 = Release|Any CPU
		{2AC91BE8-9F81-4DAF-BD22-8A915815610E}.Debug|Any CPU.ActiveCfg = Debug|Any CPU
		{2AC91BE8-9F81-4DAF-BD22-8A915815610E}.Debug|Any CPU.Build.0 = Debug|Any CPU
		{2AC91BE8-9F81-4DAF-BD22-8A915815610E}.Release|Any CPU.ActiveCfg = Release|Any CPU
		{2AC91BE8-9F81-4DAF-BD22-8A915815610E}.Release|Any CPU.Build.0 = Release|Any CPU
	EndGlobalSection
EndGlobal
